
Microsoft Visual Studio Solution File, Format Version 12.00
# Visual Studio Version 17
VisualStudioVersion = 17.9.34701.34
MinimumVisualStudioVersion = 10.0.40219.1
Project("{9A19103F-16F7-4668-BE54-9A1E7A4F7556}") = "FastImageSorter.UI", "FastImageSorter.UI\FastImageSorter.UI.csproj", "{0A1D2793-569E-4802-BBDD-04F703603F4E}"
EndProject
Project("{9A19103F-16F7-4668-BE54-9A1E7A4F7556}") = "FastImageSorter.Tools", "FastImageSorter.Tools\FastImageSorter.Tools.csproj", "{D0A48215-69FF-45A9-8E3E-592369A6320E}"
EndProject
Project("{2150E333-8FDC-42A3-9474-1A3956D46DE8}") = "Solution Items", "Solution Items", "{620B9876-1091-49AB-8644-9A650195A2BA}"
	ProjectSection(SolutionItems) = preProject
		.editorconfig = .editorconfig
	EndProjectSection
EndProject
Global
	GlobalSection(SolutionConfigurationPlatforms) = preSolution
		Debug|Any CPU = Debug|Any CPU
		Release|Any CPU = Release|Any CPU
	EndGlobalSection
	GlobalSection(ProjectConfigurationPlatforms) = postSolution
		{0A1D2793-569E-4802-BBDD-04F703603F4E}.Debug|Any CPU.ActiveCfg = Debug|Any CPU
		{0A1D2793-569E-4802-BBDD-04F703603F4E}.Debug|Any CPU.Build.0 = Debug|Any CPU
		{0A1D2793-569E-4802-BBDD-04F703603F4E}.Release|Any CPU.ActiveCfg = Release|Any CPU
		{0A1D2793-569E-4802-BBDD-04F703603F4E}.Release|Any CPU.Build.0 = Release|Any CPU
		{D0A48215-69FF-45A9-8E3E-592369A6320E}.Debug|Any CPU.ActiveCfg = Debug|Any CPU
		{D0A48215-69FF-45A9-8E3E-592369A6320E}.Debug|Any CPU.Build.0 = Debug|Any CPU
		{D0A48215-69FF-45A9-8E3E-592369A6320E}.Release|Any CPU.ActiveCfg = Release|Any CPU
		{D0A48215-69FF-45A9-8E3E-592369A6320E}.Release|Any CPU.Build.0 = Release|Any CPU
	EndGlobalSection
	GlobalSection(SolutionProperties) = preSolution
		HideSolutionNode = FALSE
	EndGlobalSection
	GlobalSection(ExtensibilityGlobals) = postSolution
		SolutionGuid = {13D2B84D-46EB-4019-AE2E-BE85EAB4E478}
	EndGlobalSection
EndGlobal
